{
  "originHash" : "5387464b965963075d1e16be5b839babcebffe40b52b2fdd0b60fe5211ab4698",
  "pins" : [
    {
      "identity" : "defaults",
      "kind" : "remoteSourceControl",
      "location" : "https://github.com/sindresorhus/Defaults",
      "state" : {
        "branch" : "main",
        "revision" : "a89f799930c92a85aa04b72131849d46c0833ab3"
      }
    },
    {
      "identity" : "sparkle",
      "kind" : "remoteSourceControl",
      "location" : "https://github.com/sparkle-project/Sparkle",
      "state" : {
        "revision" : "0ef1ee0220239b3776f433314515fd849025673f",
        "version" : "2.6.4"
      }
    },
    {
      "identity" : "swift-collections",
      "kind" : "remoteSourceControl",
      "location" : "https://github.com/apple/swift-collections.git",
      "state" : {
        "revision" : "671108c96644956dddcd89dd59c203dcdb36cec7",
        "version" : "1.1.4"
      }
    },
    {
      "identity" : "theboringworkernotifier",
      "kind" : "remoteSourceControl",
      "location" : "https://github.com/TheBoredTeam/TheBoringWorkerNotifier.git",
      "state" : {
        "revision" : "bc2b292c88035dcfc41fc7e3d8021689e624d137",
        "version" : "1.0.0"
      }
    }
  ],
  "version" : 3
}
