{
  "originHash" : "374b1f9e934226b883a428dd40fa0f64099ea1c6ed2ff12bedf1e2dd4ff0eda3",
  "pins" : [
    {
      "identity" : "defaults",
      "kind" : "remoteSourceControl",
      "location" : "https://github.com/sindresorhus/Defaults",
      "state" : {
        "branch" : "main",
        "revision" : "a89f799930c92a85aa04b72131849d46c0833ab3"
      }
    },
    {
      "identity" : "launchatlogin-modern",
      "kind" : "remoteSourceControl",
      "location" : "https://github.com/sindresorhus/LaunchAtLogin-Modern.git",
      "state" : {
        "branch" : "main",
        "revision" : "a04ec1c363be3627734f6dad757d82f5d4fa8fcc"
      }
    },
    {
      "identity" : "sparkle",
      "kind" : "remoteSourceControl",
      "location" : "https://github.com/sparkle-project/Sparkle",
      "state" : {
        "revision" : "0ef1ee0220239b3776f433314515fd849025673f",
        "version" : "2.6.4"
      }
    },
    {
      "identity" : "swift-collections",
      "kind" : "remoteSourceControl",
      "location" : "https://github.com/apple/swift-collections.git",
      "state" : {
        "revision" : "671108c96644956dddcd89dd59c203dcdb36cec7",
        "version" : "1.1.4"
      }
    },
    {
      "identity" : "theboringworkernotifier",
      "kind" : "remoteSourceControl",
      "location" : "https://github.com/TheBoredTeam/TheBoringWorkerNotifier.git",
      "state" : {
        "revision" : "bc2b292c88035dcfc41fc7e3d8021689e624d137",
        "version" : "1.0.0"
      }
    }
  ],
  "version" : 3
}
